
Microsoft Visual Studio Solution File, Format Version 12.00
# Visual Studio Version 17
VisualStudioVersion = 17.11.35312.102
MinimumVisualStudioVersion = 10.0.40219.1
Project("{FAE04EC0-301F-11D3-BF4B-00C04F79EFBC}") = "FileIO,JSON Serialize.Desrialize", "FileIO,JSON Serialize.Desrialize.csproj", "{5A84D47D-7C08-492F-ABE7-3A7D8473F798}"
EndProject
Global
	GlobalSection(SolutionConfigurationPlatforms) = preSolution
		Debug|Any CPU = Debug|Any CPU
		Release|Any CPU = Release|Any CPU
	EndGlobalSection
	GlobalSection(ProjectConfigurationPlatforms) = postSolution
		{5A84D47D-7C08-492F-ABE7-3A7D8473F798}.Debug|Any CPU.ActiveCfg = Debug|Any CPU
		{5A84D47D-7C08-492F-ABE7-3A7D8473F798}.Debug|Any CPU.Build.0 = Debug|Any CPU
		{5A84D47D-7C08-492F-ABE7-3A7D8473F798}.Release|Any CPU.ActiveCfg = Release|Any CPU
		{5A84D47D-7C08-492F-ABE7-3A7D8473F798}.Release|Any CPU.Build.0 = Release|Any CPU
	EndGlobalSection
	GlobalSection(SolutionProperties) = preSolution
		HideSolutionNode = FALSE
	EndGlobalSection
	GlobalSection(ExtensibilityGlobals) = postSolution
		SolutionGuid = {4790D2D0-51BA-4270-8890-625862CAD320}
	EndGlobalSection
EndGlobal
